
Microsoft Visual Studio Solution File, Format Version 12.00
# Visual Studio Version 17
VisualStudioVersion = 17.11.35312.102
MinimumVisualStudioVersion = 10.0.40219.1
Project("{2150E333-8FDC-42A3-9474-1A3956D46DE8}") = "Task0", "Task0", "{97930148-F942-41D7-9A91-8E07D4D89275}"
EndProject
Project("{9A19103F-16F7-4668-BE54-9A1E7A4F7556}") = "Tyuiu.DemchenkoAD.Sprint6.Task0.V5.Lib", "Tyuiu.DemchenkoAD.Sprint6.Task0.V5.Lib\Tyuiu.DemchenkoAD.Sprint6.Task0.V5.Lib.csproj", "{05DC1A56-6756-424A-8EED-2EBCA27534F0}"
EndProject
Project("{9A19103F-16F7-4668-BE54-9A1E7A4F7556}") = "Tyuiu.DemchenkoAD.Sprint6.Task0.V5.Test", "Tyuiu.DemchenkoAD.Sprint6.Task0.V5.Test\Tyuiu.DemchenkoAD.Sprint6.Task0.V5.Test.csproj", "{417BBDB3-C765-43BE-BEAD-0DD1882E9BE7}"
EndProject
Project("{9A19103F-16F7-4668-BE54-9A1E7A4F7556}") = "Tyuiu.DemchenkoAD.Sprint6.Task0.V5", "Tyuiu.DemchenkoAD.Sprint6.Task0.V5\Tyuiu.DemchenkoAD.Sprint6.Task0.V5.csproj", "{E1868DE0-B1B3-4E3C-8A13-23CD2F521E55}"
EndProject
Project("{2150E333-8FDC-42A3-9474-1A3956D46DE8}") = "Task1", "Task1", "{96BB921C-3984-4AB0-BBAD-09414BC6A3F2}"
EndProject
Project("{9A19103F-16F7-4668-BE54-9A1E7A4F7556}") = "Tyuiu.DemchenkoAD.Sprint6.Task1.V8", "Tyuiu.DemchenkoAD.Sprint6.Task1.V8\Tyuiu.DemchenkoAD.Sprint6.Task1.V8.csproj", "{AB60CC68-E98D-4876-96B6-9DCF27E3E6B2}"
EndProject
Project("{9A19103F-16F7-4668-BE54-9A1E7A4F7556}") = "Tyuiu.DemchenkoAD.Sprint6.Task1.V8.Lib", "Tyuiu.DemchenkoAD.Sprint6.Task1.V8.Lib\Tyuiu.DemchenkoAD.Sprint6.Task1.V8.Lib.csproj", "{C4A5F645-23A3-4D0C-BA84-68AADED5F8A4}"
EndProject
Project("{9A19103F-16F7-4668-BE54-9A1E7A4F7556}") = "Tyuiu.DemchenkoAD.Sprint6.Task1.V8.Test", "Tyuiu.DemchenkoAD.Sprint6.Task1.V8.Test\Tyuiu.DemchenkoAD.Sprint6.Task1.V8.Test.csproj", "{1321268B-81A7-474F-8550-EB4CAE6536BB}"
EndProject
Project("{2150E333-8FDC-42A3-9474-1A3956D46DE8}") = "Task2", "Task2", "{1C666AA7-6ABB-4437-9BEA-794F84AE8449}"
EndProject
Project("{9A19103F-16F7-4668-BE54-9A1E7A4F7556}") = "Tyuiu.DemchenkoAD.Sprint6.Task2.V5", "Tyuiu.DemchenkoAD.Sprint6.Task2.V5\Tyuiu.DemchenkoAD.Sprint6.Task2.V5.csproj", "{3C0A4D1D-DC30-4FA3-BED1-7EBDCF6DD92D}"
EndProject
Project("{9A19103F-16F7-4668-BE54-9A1E7A4F7556}") = "Tyuiu.DemchenkoAD.Sprint6.Task2.V5.Lib", "Tyuiu.DemchenkoAD.Sprint6.Task2.V5.Lib\Tyuiu.DemchenkoAD.Sprint6.Task2.V5.Lib.csproj", "{A1F29AD3-F942-45B0-83BA-A6F1B68EF5DF}"
EndProject
Project("{9A19103F-16F7-4668-BE54-9A1E7A4F7556}") = "Tyuiu.DemchenkoAD.Sprint6.Task2.V5.Test", "Tyuiu.DemchenkoAD.Sprint6.Task2.V5.Test\Tyuiu.DemchenkoAD.Sprint6.Task2.V5.Test.csproj", "{776AB31E-5A95-4FEE-90C6-644CA5FBDA7A}"
EndProject
Project("{2150E333-8FDC-42A3-9474-1A3956D46DE8}") = "Task6", "Task6", "{CDFA92E5-1D8B-4077-A292-786C9A527ED3}"
EndProject
Project("{9A19103F-16F7-4668-BE54-9A1E7A4F7556}") = "Tyuiu.DemchenkoAD.Sprint6.Task6.V19", "Tyuiu.DemchenkoAD.Sprint6.Task6.V19\Tyuiu.DemchenkoAD.Sprint6.Task6.V19.csproj", "{8CB01293-DF83-4DC2-AEA9-DF0DBAA20C8E}"
EndProject
Project("{9A19103F-16F7-4668-BE54-9A1E7A4F7556}") = "Tyuiu.DemchenkoAD.Sprint6.Task6.V19.Lib", "Tyuiu.DemchenkoAD.Sprint6.Task6.V19.Lib\Tyuiu.DemchenkoAD.Sprint6.Task6.V19.Lib.csproj", "{5CCA2844-D797-4DFE-BC17-7DFEDF2CE0B6}"
EndProject
Project("{9A19103F-16F7-4668-BE54-9A1E7A4F7556}") = "Tyuiu.DemchenkoAD.Sprint6.Task6.V19.Test", "Tyuiu.DemchenkoAD.Sprint6.Task6.V19.Test\Tyuiu.DemchenkoAD.Sprint6.Task6.V19.Test.csproj", "{5D8FC8A7-E5A1-487D-8E07-F8D399C8D80B}"
EndProject
Project("{2150E333-8FDC-42A3-9474-1A3956D46DE8}") = "Task3", "Task3", "{050B8FE2-50E0-4EB2-B0E5-BF2BA9CE69E6}"
EndProject
Project("{FAE04EC0-301F-11D3-BF4B-00C04F79EFBC}") = "Tyuiu.DemchenkoAD.Sprint6.Task3.V8", "Tyuiu.DemchenkoAD.Sprint6.Task3.V8\Tyuiu.DemchenkoAD.Sprint6.Task3.V8.csproj", "{75C24840-483A-4CC8-B064-7C5C606E596A}"
EndProject
Project("{FAE04EC0-301F-11D3-BF4B-00C04F79EFBC}") = "Tyuiu.DemchenkoAD.Sprint6.Task3.V8.Lib", "Tyuiu.DemchenkoAD.Sprint6.Task3.V8.Lib\Tyuiu.DemchenkoAD.Sprint6.Task3.V8.Lib.csproj", "{6C49F0F5-9710-4F7A-9DD4-CCE025D800E9}"
EndProject
Project("{FAE04EC0-301F-11D3-BF4B-00C04F79EFBC}") = "Tyuiu.DemchenkoAD.Sprint6.Task3.V8.Test", "Tyuiu.DemchenkoAD.Sprint6.Task3.V8.Test\Tyuiu.DemchenkoAD.Sprint6.Task3.V8.Test.csproj", "{EF060B3C-EFDF-4912-9765-B71A51E695EF}"
EndProject
Project("{2150E333-8FDC-42A3-9474-1A3956D46DE8}") = "Task5", "Task5", "{9C97CD2C-A651-450A-B95D-30A00A849074}"
EndProject
Project("{FAE04EC0-301F-11D3-BF4B-00C04F79EFBC}") = "Tyuiu.DemchenkoAD.Sprint6.Task5.V4.Test", "Tyuiu.DemchenkoAD.Sprint6.Task5.V4.Test\Tyuiu.DemchenkoAD.Sprint6.Task5.V4.Test.csproj", "{831EB141-CC34-433D-ADC3-928280B326C3}"
EndProject
Project("{FAE04EC0-301F-11D3-BF4B-00C04F79EFBC}") = "Tyuiu.DemchenkoAD.Sprint6.Task5.V4.Lib", "Tyuiu.DemchenkoAD.Sprint6.Task5.V4.Lib\Tyuiu.DemchenkoAD.Sprint6.Task5.V4.Lib.csproj", "{63DD9981-637E-479C-ABF8-06CDFBB596DF}"
EndProject
Project("{FAE04EC0-301F-11D3-BF4B-00C04F79EFBC}") = "Tyuiu.DemchenkoAD.Sprint6.Task5.V4", "Tyuiu.DemchenkoAD.Sprint6.Task5.V4\Tyuiu.DemchenkoAD.Sprint6.Task5.V4.csproj", "{82FE8116-6083-44A5-96E9-C966D3518288}"
EndProject
Project("{2150E333-8FDC-42A3-9474-1A3956D46DE8}") = "Task4", "Task4", "{185CDAA8-4A9A-43BB-A483-7A5FAC84A97E}"
EndProject
Project("{FAE04EC0-301F-11D3-BF4B-00C04F79EFBC}") = "Tyuiu.DemchenkoAD.Sprint6.Task4.V26", "Tyuiu.DemchenkoAD.Sprint6.Task4.V26\Tyuiu.DemchenkoAD.Sprint6.Task4.V26.csproj", "{31657966-0DED-43FA-BC01-EF2BA580B142}"
EndProject
Project("{FAE04EC0-301F-11D3-BF4B-00C04F79EFBC}") = "Tyuiu.DemchenkoAD.Sprint6.Task4.V26.Lib", "Tyuiu.DemchenkoAD.Sprint6.Task4.V26.Lib\Tyuiu.DemchenkoAD.Sprint6.Task4.V26.Lib.csproj", "{FD2EC45B-0F4B-465B-963B-4E64790BCB26}"
EndProject
Project("{FAE04EC0-301F-11D3-BF4B-00C04F79EFBC}") = "Tyuiu.DemchenkoAD.Sprint6.Task4.V26.Test", "Tyuiu.DemchenkoAD.Sprint6.Task4.V26.Test\Tyuiu.DemchenkoAD.Sprint6.Task4.V26.Test.csproj", "{A06BA78F-A896-4D43-8EDF-40277448FEF9}"
EndProject
Project("{2150E333-8FDC-42A3-9474-1A3956D46DE8}") = "Task7", "Task7", "{48F12A34-812E-4364-A906-697071237C13}"
EndProject
Project("{FAE04EC0-301F-11D3-BF4B-00C04F79EFBC}") = "Tyuiu.DemchenkoAD.Sprint6.Task7.V10", "Tyuiu.DemchenkoAD.Sprint6.Task7.V10\Tyuiu.DemchenkoAD.Sprint6.Task7.V10.csproj", "{881D0185-9B1C-4207-B862-72D798325410}"
EndProject
Project("{FAE04EC0-301F-11D3-BF4B-00C04F79EFBC}") = "Tyuiu.DemchenkoAD.Sprint6.Task7.V10.Lib", "Tyuiu.DemchenkoAD.Sprint6.Task7.V10.Lib\Tyuiu.DemchenkoAD.Sprint6.Task7.V10.Lib.csproj", "{926EAF35-1DF5-41BE-8FC0-9F4C25170A01}"
EndProject
Project("{FAE04EC0-301F-11D3-BF4B-00C04F79EFBC}") = "Tyuiu.DemchenkoAD.Sprint6.Task7.V10.Test", "Tyuiu.DemchenkoAD.Sprint6.Task7.V10.Test\Tyuiu.DemchenkoAD.Sprint6.Task7.V10.Test.csproj", "{1F334C06-A6E4-46D2-A1B8-F2772AD83819}"
EndProject
Global
	GlobalSection(SolutionConfigurationPlatforms) = preSolution
		Debug|Any CPU = Debug|Any CPU
		Release|Any CPU = Release|Any CPU
	EndGlobalSection
	GlobalSection(ProjectConfigurationPlatforms) = postSolution
		{05DC1A56-6756-424A-8EED-2EBCA27534F0}.Debug|Any CPU.ActiveCfg = Debug|Any CPU
		{05DC1A56-6756-424A-8EED-2EBCA27534F0}.Debug|Any CPU.Build.0 = Debug|Any CPU
		{05DC1A56-6756-424A-8EED-2EBCA27534F0}.Release|Any CPU.ActiveCfg = Release|Any CPU
		{05DC1A56-6756-424A-8EED-2EBCA27534F0}.Release|Any CPU.Build.0 = Release|Any CPU
		{417BBDB3-C765-43BE-BEAD-0DD1882E9BE7}.Debug|Any CPU.ActiveCfg = Debug|Any CPU
		{417BBDB3-C765-43BE-BEAD-0DD1882E9BE7}.Debug|Any CPU.Build.0 = Debug|Any CPU
		{417BBDB3-C765-43BE-BEAD-0DD1882E9BE7}.Release|Any CPU.ActiveCfg = Release|Any CPU
		{417BBDB3-C765-43BE-BEAD-0DD1882E9BE7}.Release|Any CPU.Build.0 = Release|Any CPU
		{E1868DE0-B1B3-4E3C-8A13-23CD2F521E55}.Debug|Any CPU.ActiveCfg = Debug|Any CPU
		{E1868DE0-B1B3-4E3C-8A13-23CD2F521E55}.Debug|Any CPU.Build.0 = Debug|Any CPU
		{E1868DE0-B1B3-4E3C-8A13-23CD2F521E55}.Release|Any CPU.ActiveCfg = Release|Any CPU
		{E1868DE0-B1B3-4E3C-8A13-23CD2F521E55}.Release|Any CPU.Build.0 = Release|Any CPU
		{AB60CC68-E98D-4876-96B6-9DCF27E3E6B2}.Debug|Any CPU.ActiveCfg = Debug|Any CPU
		{AB60CC68-E98D-4876-96B6-9DCF27E3E6B2}.Debug|Any CPU.Build.0 = Debug|Any CPU
		{AB60CC68-E98D-4876-96B6-9DCF27E3E6B2}.Release|Any CPU.ActiveCfg = Release|Any CPU
		{AB60CC68-E98D-4876-96B6-9DCF27E3E6B2}.Release|Any CPU.Build.0 = Release|Any CPU
		{C4A5F645-23A3-4D0C-BA84-68AADED5F8A4}.Debug|Any CPU.ActiveCfg = Debug|Any CPU
		{C4A5F645-23A3-4D0C-BA84-68AADED5F8A4}.Debug|Any CPU.Build.0 = Debug|Any CPU
		{C4A5F645-23A3-4D0C-BA84-68AADED5F8A4}.Release|Any CPU.ActiveCfg = Release|Any CPU
		{C4A5F645-23A3-4D0C-BA84-68AADED5F8A4}.Release|Any CPU.Build.0 = Release|Any CPU
		{1321268B-81A7-474F-8550-EB4CAE6536BB}.Debug|Any CPU.ActiveCfg = Debug|Any CPU
		{1321268B-81A7-474F-8550-EB4CAE6536BB}.Debug|Any CPU.Build.0 = Debug|Any CPU
		{1321268B-81A7-474F-8550-EB4CAE6536BB}.Release|Any CPU.ActiveCfg = Release|Any CPU
		{1321268B-81A7-474F-8550-EB4CAE6536BB}.Release|Any CPU.Build.0 = Release|Any CPU
		{3C0A4D1D-DC30-4FA3-BED1-7EBDCF6DD92D}.Debug|Any CPU.ActiveCfg = Debug|Any CPU
		{3C0A4D1D-DC30-4FA3-BED1-7EBDCF6DD92D}.Debug|Any CPU.Build.0 = Debug|Any CPU
		{3C0A4D1D-DC30-4FA3-BED1-7EBDCF6DD92D}.Release|Any CPU.ActiveCfg = Release|Any CPU
		{3C0A4D1D-DC30-4FA3-BED1-7EBDCF6DD92D}.Release|Any CPU.Build.0 = Release|Any CPU
		{A1F29AD3-F942-45B0-83BA-A6F1B68EF5DF}.Debug|Any CPU.ActiveCfg = Debug|Any CPU
		{A1F29AD3-F942-45B0-83BA-A6F1B68EF5DF}.Debug|Any CPU.Build.0 = Debug|Any CPU
		{A1F29AD3-F942-45B0-83BA-A6F1B68EF5DF}.Release|Any CPU.ActiveCfg = Release|Any CPU
		{A1F29AD3-F942-45B0-83BA-A6F1B68EF5DF}.Release|Any CPU.Build.0 = Release|Any CPU
		{776AB31E-5A95-4FEE-90C6-644CA5FBDA7A}.Debug|Any CPU.ActiveCfg = Debug|Any CPU
		{776AB31E-5A95-4FEE-90C6-644CA5FBDA7A}.Debug|Any CPU.Build.0 = Debug|Any CPU
		{776AB31E-5A95-4FEE-90C6-644CA5FBDA7A}.Release|Any CPU.ActiveCfg = Release|Any CPU
		{776AB31E-5A95-4FEE-90C6-644CA5FBDA7A}.Release|Any CPU.Build.0 = Release|Any CPU
		{8CB01293-DF83-4DC2-AEA9-DF0DBAA20C8E}.Debug|Any CPU.ActiveCfg = Debug|Any CPU
		{8CB01293-DF83-4DC2-AEA9-DF0DBAA20C8E}.Debug|Any CPU.Build.0 = Debug|Any CPU
		{8CB01293-DF83-4DC2-AEA9-DF0DBAA20C8E}.Release|Any CPU.ActiveCfg = Release|Any CPU
		{8CB01293-DF83-4DC2-AEA9-DF0DBAA20C8E}.Release|Any CPU.Build.0 = Release|Any CPU
		{5CCA2844-D797-4DFE-BC17-7DFEDF2CE0B6}.Debug|Any CPU.ActiveCfg = Debug|Any CPU
		{5CCA2844-D797-4DFE-BC17-7DFEDF2CE0B6}.Debug|Any CPU.Build.0 = Debug|Any CPU
		{5CCA2844-D797-4DFE-BC17-7DFEDF2CE0B6}.Release|Any CPU.ActiveCfg = Release|Any CPU
		{5CCA2844-D797-4DFE-BC17-7DFEDF2CE0B6}.Release|Any CPU.Build.0 = Release|Any CPU
		{5D8FC8A7-E5A1-487D-8E07-F8D399C8D80B}.Debug|Any CPU.ActiveCfg = Debug|Any CPU
		{5D8FC8A7-E5A1-487D-8E07-F8D399C8D80B}.Debug|Any CPU.Build.0 = Debug|Any CPU
		{5D8FC8A7-E5A1-487D-8E07-F8D399C8D80B}.Release|Any CPU.ActiveCfg = Release|Any CPU
		{5D8FC8A7-E5A1-487D-8E07-F8D399C8D80B}.Release|Any CPU.Build.0 = Release|Any CPU
		{75C24840-483A-4CC8-B064-7C5C606E596A}.Debug|Any CPU.ActiveCfg = Debug|Any CPU
		{75C24840-483A-4CC8-B064-7C5C606E596A}.Debug|Any CPU.Build.0 = Debug|Any CPU
		{75C24840-483A-4CC8-B064-7C5C606E596A}.Release|Any CPU.ActiveCfg = Release|Any CPU
		{75C24840-483A-4CC8-B064-7C5C606E596A}.Release|Any CPU.Build.0 = Release|Any CPU
		{6C49F0F5-9710-4F7A-9DD4-CCE025D800E9}.Debug|Any CPU.ActiveCfg = Debug|Any CPU
		{6C49F0F5-9710-4F7A-9DD4-CCE025D800E9}.Debug|Any CPU.Build.0 = Debug|Any CPU
		{6C49F0F5-9710-4F7A-9DD4-CCE025D800E9}.Release|Any CPU.ActiveCfg = Release|Any CPU
		{6C49F0F5-9710-4F7A-9DD4-CCE025D800E9}.Release|Any CPU.Build.0 = Release|Any CPU
		{EF060B3C-EFDF-4912-9765-B71A51E695EF}.Debug|Any CPU.ActiveCfg = Debug|Any CPU
		{EF060B3C-EFDF-4912-9765-B71A51E695EF}.Debug|Any CPU.Build.0 = Debug|Any CPU
		{EF060B3C-EFDF-4912-9765-B71A51E695EF}.Release|Any CPU.ActiveCfg = Release|Any CPU
		{EF060B3C-EFDF-4912-9765-B71A51E695EF}.Release|Any CPU.Build.0 = Release|Any CPU
		{831EB141-CC34-433D-ADC3-928280B326C3}.Debug|Any CPU.ActiveCfg = Debug|Any CPU
		{831EB141-CC34-433D-ADC3-928280B326C3}.Debug|Any CPU.Build.0 = Debug|Any CPU
		{831EB141-CC34-433D-ADC3-928280B326C3}.Release|Any CPU.ActiveCfg = Release|Any CPU
		{831EB141-CC34-433D-ADC3-928280B326C3}.Release|Any CPU.Build.0 = Release|Any CPU
		{63DD9981-637E-479C-ABF8-06CDFBB596DF}.Debug|Any CPU.ActiveCfg = Debug|Any CPU
		{63DD9981-637E-479C-ABF8-06CDFBB596DF}.Debug|Any CPU.Build.0 = Debug|Any CPU
		{63DD9981-637E-479C-ABF8-06CDFBB596DF}.Release|Any CPU.ActiveCfg = Release|Any CPU
		{63DD9981-637E-479C-ABF8-06CDFBB596DF}.Release|Any CPU.Build.0 = Release|Any CPU
		{82FE8116-6083-44A5-96E9-C966D3518288}.Debug|Any CPU.ActiveCfg = Debug|Any CPU
		{82FE8116-6083-44A5-96E9-C966D3518288}.Debug|Any CPU.Build.0 = Debug|Any CPU
		{82FE8116-6083-44A5-96E9-C966D3518288}.Release|Any CPU.ActiveCfg = Release|Any CPU
		{82FE8116-6083-44A5-96E9-C966D3518288}.Release|Any CPU.Build.0 = Release|Any CPU
		{31657966-0DED-43FA-BC01-EF2BA580B142}.Debug|Any CPU.ActiveCfg = Debug|Any CPU
		{31657966-0DED-43FA-BC01-EF2BA580B142}.Debug|Any CPU.Build.0 = Debug|Any CPU
		{31657966-0DED-43FA-BC01-EF2BA580B142}.Release|Any CPU.ActiveCfg = Release|Any CPU
		{31657966-0DED-43FA-BC01-EF2BA580B142}.Release|Any CPU.Build.0 = Release|Any CPU
		{FD2EC45B-0F4B-465B-963B-4E64790BCB26}.Debug|Any CPU.ActiveCfg = Debug|Any CPU
		{FD2EC45B-0F4B-465B-963B-4E64790BCB26}.Debug|Any CPU.Build.0 = Debug|Any CPU
		{FD2EC45B-0F4B-465B-963B-4E64790BCB26}.Release|Any CPU.ActiveCfg = Release|Any CPU
		{FD2EC45B-0F4B-465B-963B-4E64790BCB26}.Release|Any CPU.Build.0 = Release|Any CPU
		{A06BA78F-A896-4D43-8EDF-40277448FEF9}.Debug|Any CPU.ActiveCfg = Debug|Any CPU
		{A06BA78F-A896-4D43-8EDF-40277448FEF9}.Debug|Any CPU.Build.0 = Debug|Any CPU
		{A06BA78F-A896-4D43-8EDF-40277448FEF9}.Release|Any CPU.ActiveCfg = Release|Any CPU
		{A06BA78F-A896-4D43-8EDF-40277448FEF9}.Release|Any CPU.Build.0 = Release|Any CPU
		{881D0185-9B1C-4207-B862-72D798325410}.Debug|Any CPU.ActiveCfg = Debug|Any CPU
		{881D0185-9B1C-4207-B862-72D798325410}.Debug|Any CPU.Build.0 = Debug|Any CPU
		{881D0185-9B1C-4207-B862-72D798325410}.Release|Any CPU.ActiveCfg = Release|Any CPU
		{881D0185-9B1C-4207-B862-72D798325410}.Release|Any CPU.Build.0 = Release|Any CPU
		{926EAF35-1DF5-41BE-8FC0-9F4C25170A01}.Debug|Any CPU.ActiveCfg = Debug|Any CPU
		{926EAF35-1DF5-41BE-8FC0-9F4C25170A01}.Debug|Any CPU.Build.0 = Debug|Any CPU
		{926EAF35-1DF5-41BE-8FC0-9F4C25170A01}.Release|Any CPU.ActiveCfg = Release|Any CPU
		{926EAF35-1DF5-41BE-8FC0-9F4C25170A01}.Release|Any CPU.Build.0 = Release|Any CPU
		{1F334C06-A6E4-46D2-A1B8-F2772AD83819}.Debug|Any CPU.ActiveCfg = Debug|Any CPU
		{1F334C06-A6E4-46D2-A1B8-F2772AD83819}.Debug|Any CPU.Build.0 = Debug|Any CPU
		{1F334C06-A6E4-46D2-A1B8-F2772AD83819}.Release|Any CPU.ActiveCfg = Release|Any CPU
		{1F334C06-A6E4-46D2-A1B8-F2772AD83819}.Release|Any CPU.Build.0 = Release|Any CPU
	EndGlobalSection
	GlobalSection(SolutionProperties) = preSolution
		HideSolutionNode = FALSE
	EndGlobalSection
	GlobalSection(NestedProjects) = preSolution
		{05DC1A56-6756-424A-8EED-2EBCA27534F0} = {97930148-F942-41D7-9A91-8E07D4D89275}
		{417BBDB3-C765-43BE-BEAD-0DD1882E9BE7} = {97930148-F942-41D7-9A91-8E07D4D89275}
		{E1868DE0-B1B3-4E3C-8A13-23CD2F521E55} = {97930148-F942-41D7-9A91-8E07D4D89275}
		{AB60CC68-E98D-4876-96B6-9DCF27E3E6B2} = {96BB921C-3984-4AB0-BBAD-09414BC6A3F2}
		{C4A5F645-23A3-4D0C-BA84-68AADED5F8A4} = {96BB921C-3984-4AB0-BBAD-09414BC6A3F2}
		{1321268B-81A7-474F-8550-EB4CAE6536BB} = {96BB921C-3984-4AB0-BBAD-09414BC6A3F2}
		{3C0A4D1D-DC30-4FA3-BED1-7EBDCF6DD92D} = {1C666AA7-6ABB-4437-9BEA-794F84AE8449}
		{A1F29AD3-F942-45B0-83BA-A6F1B68EF5DF} = {1C666AA7-6ABB-4437-9BEA-794F84AE8449}
		{776AB31E-5A95-4FEE-90C6-644CA5FBDA7A} = {1C666AA7-6ABB-4437-9BEA-794F84AE8449}
		{8CB01293-DF83-4DC2-AEA9-DF0DBAA20C8E} = {CDFA92E5-1D8B-4077-A292-786C9A527ED3}
		{5CCA2844-D797-4DFE-BC17-7DFEDF2CE0B6} = {CDFA92E5-1D8B-4077-A292-786C9A527ED3}
		{5D8FC8A7-E5A1-487D-8E07-F8D399C8D80B} = {CDFA92E5-1D8B-4077-A292-786C9A527ED3}
		{75C24840-483A-4CC8-B064-7C5C606E596A} = {050B8FE2-50E0-4EB2-B0E5-BF2BA9CE69E6}
		{6C49F0F5-9710-4F7A-9DD4-CCE025D800E9} = {050B8FE2-50E0-4EB2-B0E5-BF2BA9CE69E6}
		{EF060B3C-EFDF-4912-9765-B71A51E695EF} = {050B8FE2-50E0-4EB2-B0E5-BF2BA9CE69E6}
		{831EB141-CC34-433D-ADC3-928280B326C3} = {9C97CD2C-A651-450A-B95D-30A00A849074}
		{63DD9981-637E-479C-ABF8-06CDFBB596DF} = {9C97CD2C-A651-450A-B95D-30A00A849074}
		{82FE8116-6083-44A5-96E9-C966D3518288} = {9C97CD2C-A651-450A-B95D-30A00A849074}
		{31657966-0DED-43FA-BC01-EF2BA580B142} = {185CDAA8-4A9A-43BB-A483-7A5FAC84A97E}
		{FD2EC45B-0F4B-465B-963B-4E64790BCB26} = {185CDAA8-4A9A-43BB-A483-7A5FAC84A97E}
		{A06BA78F-A896-4D43-8EDF-40277448FEF9} = {185CDAA8-4A9A-43BB-A483-7A5FAC84A97E}
		{881D0185-9B1C-4207-B862-72D798325410} = {48F12A34-812E-4364-A906-697071237C13}
		{926EAF35-1DF5-41BE-8FC0-9F4C25170A01} = {48F12A34-812E-4364-A906-697071237C13}
		{1F334C06-A6E4-46D2-A1B8-F2772AD83819} = {48F12A34-812E-4364-A906-697071237C13}
	EndGlobalSection
	GlobalSection(ExtensibilityGlobals) = postSolution
		SolutionGuid = {BFF2AAEE-57BA-4542-89BD-AD33F33B1235}
	EndGlobalSection
EndGlobal
